{
  "name": "h-sdk",
  "lockfileVersion": 3,
  "requires": true,
  "packages": {
    "": {
      "name": "h-sdk",
      "devDependencies": {
        "@alephscript/skills-scriptorium": "0.12.0"
      },
      "engines": {
        "node": ">=22"
      }
    },
    "node_modules/@alephscript/skills-scriptorium": {
      "version": "0.12.0",
      "resolved": "https://npm.scriptorium.escrivivir.co/@alephscript/skills-scriptorium/-/skills-scriptorium-0.12.0.tgz",
      "integrity": "sha512-AkXpbVllHz/t43HNCbVAj60ZcbKNH5H9mnwH4dyBTIINf9msoGBTG7r4ZUSuiGy7FhljNLArkQVf5KvyuAE6mg==",
      "dev": true,
      "license": "UNLICENSED",
      "bin": {
        "alephscript-skills-sync": "bin/alephscript-skills-sync.mjs"
      },
      "engines": {
        "node": ">=22"
      }
    }
  }
}
